// !$*UTF8*$!
{
	archiveVersion = 1;
	classes = {
	};
	objectVersion = 51;
	objects = {

/* Begin PBXBuildFile section */
		2D5699B9F802543434B6B64D /* Pods_CoreSupport.framework in Frameworks */ = {isa = PBXBuildFile; fileRef = AD4B59FF4793CBF444D4F3E3 /* Pods_CoreSupport.framework */; };
		3443A166B0FA9B317AB9887C /* Pods_CoreSupportTests.framework in Frameworks */ = {isa = PBXBuildFile; fileRef = 69071C4EA4B204F287CF11AA /* Pods_CoreSupportTests.framework */; };
		96E705FB24B23227005CEC90 /* AppDelegate.swift in Sources */ = {isa = PBXBuildFile; fileRef = 96E705FA24B23227005CEC90 /* AppDelegate.swift */; };
		96E7060424B2322B005CEC90 /* Assets.xcassets in Resources */ = {isa = PBXBuildFile; fileRef = 96E7060324B2322B005CEC90 /* Assets.xcassets */; };
		96E7060724B2322B005CEC90 /* LaunchScreen.storyboard in Resources */ = {isa = PBXBuildFile; fileRef = 96E7060524B2322B005CEC90 /* LaunchScreen.storyboard */; };
		96E7061224B2322C005CEC90 /* CoreSupportTests.swift in Sources */ = {isa = PBXBuildFile; fileRef = 96E7061124B2322C005CEC90 /* CoreSupportTests.swift */; };
		96E7061D24B2322D005CEC90 /* CoreSupportUITests.swift in Sources */ = {isa = PBXBuildFile; fileRef = 96E7061C24B2322D005CEC90 /* CoreSupportUITests.swift */; };
		96E7063824B2358E005CEC90 /* HomeViewController.swift in Sources */ = {isa = PBXBuildFile; fileRef = 96E7063724B2358E005CEC90 /* HomeViewController.swift */; };
		96E7063B24B28B52005CEC90 /* UIColor+Extension.swift in Sources */ = {isa = PBXBuildFile; fileRef = 96E7063A24B28B52005CEC90 /* UIColor+Extension.swift */; };
		96E7063D24B29EA1005CEC90 /* BaseViewController.swift in Sources */ = {isa = PBXBuildFile; fileRef = 96E7063C24B29EA1005CEC90 /* BaseViewController.swift */; };
		96E7063F24B2A3A6005CEC90 /* ServicesOpportunityViewController.swift in Sources */ = {isa = PBXBuildFile; fileRef = 96E7063E24B2A3A6005CEC90 /* ServicesOpportunityViewController.swift */; };
		A411BED0A5CF2E293B29F806 /* Pods_CoreSupport_CoreSupportUITests.framework in Frameworks */ = {isa = PBXBuildFile; fileRef = C0D1C038E66E0814634742A0 /* Pods_CoreSupport_CoreSupportUITests.framework */; };
/* End PBXBuildFile section */

/* Begin PBXContainerItemProxy section */
		96E7060E24B2322C005CEC90 /* PBXContainerItemProxy */ = {
			isa = PBXContainerItemProxy;
			containerPortal = 96E705EF24B23225005CEC90 /* Project object */;
			proxyType = 1;
			remoteGlobalIDString = 96E705F624B23225005CEC90;
			remoteInfo = CoreSupport;
		};
		96E7061924B2322D005CEC90 /* PBXContainerItemProxy */ = {
			isa = PBXContainerItemProxy;
			containerPortal = 96E705EF24B23225005CEC90 /* Project object */;
			proxyType = 1;
			remoteGlobalIDString = 96E705F624B23225005CEC90;
			remoteInfo = CoreSupport;
		};
/* End PBXContainerItemProxy section */

/* Begin PBXFileReference section */
		4F14E2B00A143CEFB80C059D /* Pods-CoreSupport.release.xcconfig */ = {isa = PBXFileReference; includeInIndex = 1; lastKnownFileType = text.xcconfig; name = "Pods-CoreSupport.release.xcconfig"; path = "Target Support Files/Pods-CoreSupport/Pods-CoreSupport.release.xcconfig"; sourceTree = "<group>"; };
		60F03E5B789E46CB2A8A5F7F /* Pods-CoreSupport-CoreSupportUITests.debug.xcconfig */ = {isa = PBXFileReference; includeInIndex = 1; lastKnownFileType = text.xcconfig; name = "Pods-CoreSupport-CoreSupportUITests.debug.xcconfig"; path = "Target Support Files/Pods-CoreSupport-CoreSupportUITests/Pods-CoreSupport-CoreSupportUITests.debug.xcconfig"; sourceTree = "<group>"; };
		69071C4EA4B204F287CF11AA /* Pods_CoreSupportTests.framework */ = {isa = PBXFileReference; explicitFileType = wrapper.framework; includeInIndex = 0; path = Pods_CoreSupportTests.framework; sourceTree = BUILT_PRODUCTS_DIR; };
		6DBC72265543416C79CE296B /* Pods-CoreSupportTests.debug.xcconfig */ = {isa = PBXFileReference; includeInIndex = 1; lastKnownFileType = text.xcconfig; name = "Pods-CoreSupportTests.debug.xcconfig"; path = "Target Support Files/Pods-CoreSupportTests/Pods-CoreSupportTests.debug.xcconfig"; sourceTree = "<group>"; };
		8EC94B2291D4431EC9479C53 /* Pods-CoreSupport.debug.xcconfig */ = {isa = PBXFileReference; includeInIndex = 1; lastKnownFileType = text.xcconfig; name = "Pods-CoreSupport.debug.xcconfig"; path = "Target Support Files/Pods-CoreSupport/Pods-CoreSupport.debug.xcconfig"; sourceTree = "<group>"; };
		96E705F724B23227005CEC90 /* CoreSupport.app */ = {isa = PBXFileReference; explicitFileType = wrapper.application; includeInIndex = 0; path = CoreSupport.app; sourceTree = BUILT_PRODUCTS_DIR; };
		96E705FA24B23227005CEC90 /* AppDelegate.swift */ = {isa = PBXFileReference; lastKnownFileType = sourcecode.swift; path = AppDelegate.swift; sourceTree = "<group>"; };
		96E7060324B2322B005CEC90 /* Assets.xcassets */ = {isa = PBXFileReference; lastKnownFileType = folder.assetcatalog; path = Assets.xcassets; sourceTree = "<group>"; };
		96E7060624B2322B005CEC90 /* Base */ = {isa = PBXFileReference; lastKnownFileType = file.storyboard; name = Base; path = Base.lproj/LaunchScreen.storyboard; sourceTree = "<group>"; };
		96E7060824B2322B005CEC90 /* Info.plist */ = {isa = PBXFileReference; lastKnownFileType = text.plist.xml; path = Info.plist; sourceTree = "<group>"; };
		96E7060D24B2322C005CEC90 /* CoreSupportTests.xctest */ = {isa = PBXFileReference; explicitFileType = wrapper.cfbundle; includeInIndex = 0; path = CoreSupportTests.xctest; sourceTree = BUILT_PRODUCTS_DIR; };
		96E7061124B2322C005CEC90 /* CoreSupportTests.swift */ = {isa = PBXFileReference; lastKnownFileType = sourcecode.swift; path = CoreSupportTests.swift; sourceTree = "<group>"; };
		96E7061324B2322C005CEC90 /* Info.plist */ = {isa = PBXFileReference; lastKnownFileType = text.plist.xml; path = Info.plist; sourceTree = "<group>"; };
		96E7061824B2322D005CEC90 /* CoreSupportUITests.xctest */ = {isa = PBXFileReference; explicitFileType = wrapper.cfbundle; includeInIndex = 0; path = CoreSupportUITests.xctest; sourceTree = BUILT_PRODUCTS_DIR; };
		96E7061C24B2322D005CEC90 /* CoreSupportUITests.swift */ = {isa = PBXFileReference; lastKnownFileType = sourcecode.swift; path = CoreSupportUITests.swift; sourceTree = "<group>"; };
		96E7061E24B2322D005CEC90 /* Info.plist */ = {isa = PBXFileReference; lastKnownFileType = text.plist.xml; path = Info.plist; sourceTree = "<group>"; };
		96E7063724B2358E005CEC90 /* HomeViewController.swift */ = {isa = PBXFileReference; lastKnownFileType = sourcecode.swift; path = HomeViewController.swift; sourceTree = "<group>"; };
		96E7063A24B28B52005CEC90 /* UIColor+Extension.swift */ = {isa = PBXFileReference; lastKnownFileType = sourcecode.swift; path = "UIColor+Extension.swift"; sourceTree = "<group>"; };
		96E7063C24B29EA1005CEC90 /* BaseViewController.swift */ = {isa = PBXFileReference; lastKnownFileType = sourcecode.swift; path = BaseViewController.swift; sourceTree = "<group>"; };
		96E7063E24B2A3A6005CEC90 /* ServicesOpportunityViewController.swift */ = {isa = PBXFileReference; lastKnownFileType = sourcecode.swift; path = ServicesOpportunityViewController.swift; sourceTree = "<group>"; };
		9EBC9C41DFF527B99F0EB5F1 /* Pods-CoreSupport-CoreSupportUITests.release.xcconfig */ = {isa = PBXFileReference; includeInIndex = 1; lastKnownFileType = text.xcconfig; name = "Pods-CoreSupport-CoreSupportUITests.release.xcconfig"; path = "Target Support Files/Pods-CoreSupport-CoreSupportUITests/Pods-CoreSupport-CoreSupportUITests.release.xcconfig"; sourceTree = "<group>"; };
		AD4B59FF4793CBF444D4F3E3 /* Pods_CoreSupport.framework */ = {isa = PBXFileReference; explicitFileType = wrapper.framework; includeInIndex = 0; path = Pods_CoreSupport.framework; sourceTree = BUILT_PRODUCTS_DIR; };
		C0D1C038E66E0814634742A0 /* Pods_CoreSupport_CoreSupportUITests.framework */ = {isa = PBXFileReference; explicitFileType = wrapper.framework; includeInIndex = 0; path = Pods_CoreSupport_CoreSupportUITests.framework; sourceTree = BUILT_PRODUCTS_DIR; };
		C9452BD0E8FE402CBDBEB5C5 /* Pods-CoreSupportTests.release.xcconfig */ = {isa = PBXFileReference; includeInIndex = 1; lastKnownFileType = text.xcconfig; name = "Pods-CoreSupportTests.release.xcconfig"; path = "Target Support Files/Pods-CoreSupportTests/Pods-CoreSupportTests.release.xcconfig"; sourceTree = "<group>"; };
/* End PBXFileReference section */

/* Begin PBXFrameworksBuildPhase section */
		96E705F424B23225005CEC90 /* Frameworks */ = {
			isa = PBXFrameworksBuildPhase;
			buildActionMask = 2147483647;
			files = (
				2D5699B9F802543434B6B64D /* Pods_CoreSupport.framework in Frameworks */,
			);
			runOnlyForDeploymentPostprocessing = 0;
		};
		96E7060A24B2322C005CEC90 /* Frameworks */ = {
			isa = PBXFrameworksBuildPhase;
			buildActionMask = 2147483647;
			files = (
				3443A166B0FA9B317AB9887C /* Pods_CoreSupportTests.framework in Frameworks */,
			);
			runOnlyForDeploymentPostprocessing = 0;
		};
		96E7061524B2322D005CEC90 /* Frameworks */ = {
			isa = PBXFrameworksBuildPhase;
			buildActionMask = 2147483647;
			files = (
				A411BED0A5CF2E293B29F806 /* Pods_CoreSupport_CoreSupportUITests.framework in Frameworks */,
			);
			runOnlyForDeploymentPostprocessing = 0;
		};
/* End PBXFrameworksBuildPhase section */

/* Begin PBXGroup section */
		4BA4F76FDEB52053CB199C6D /* Frameworks */ = {
			isa = PBXGroup;
			children = (
				AD4B59FF4793CBF444D4F3E3 /* Pods_CoreSupport.framework */,
				C0D1C038E66E0814634742A0 /* Pods_CoreSupport_CoreSupportUITests.framework */,
				69071C4EA4B204F287CF11AA /* Pods_CoreSupportTests.framework */,
			);
			name = Frameworks;
			sourceTree = "<group>";
		};
		8C1E6A5D89D248CAB2642F81 /* Pods */ = {
			isa = PBXGroup;
			children = (
				8EC94B2291D4431EC9479C53 /* Pods-CoreSupport.debug.xcconfig */,
				4F14E2B00A143CEFB80C059D /* Pods-CoreSupport.release.xcconfig */,
				60F03E5B789E46CB2A8A5F7F /* Pods-CoreSupport-CoreSupportUITests.debug.xcconfig */,
				9EBC9C41DFF527B99F0EB5F1 /* Pods-CoreSupport-CoreSupportUITests.release.xcconfig */,
				6DBC72265543416C79CE296B /* Pods-CoreSupportTests.debug.xcconfig */,
				C9452BD0E8FE402CBDBEB5C5 /* Pods-CoreSupportTests.release.xcconfig */,
			);
			path = Pods;
			sourceTree = "<group>";
		};
		96E705EE24B23225005CEC90 = {
			isa = PBXGroup;
			children = (
				96E705F924B23227005CEC90 /* CoreSupport */,
				96E7061024B2322C005CEC90 /* CoreSupportTests */,
				96E7061B24B2322D005CEC90 /* CoreSupportUITests */,
				96E705F824B23227005CEC90 /* Products */,
				8C1E6A5D89D248CAB2642F81 /* Pods */,
				4BA4F76FDEB52053CB199C6D /* Frameworks */,
			);
			sourceTree = "<group>";
		};
		96E705F824B23227005CEC90 /* Products */ = {
			isa = PBXGroup;
			children = (
				96E705F724B23227005CEC90 /* CoreSupport.app */,
				96E7060D24B2322C005CEC90 /* CoreSupportTests.xctest */,
				96E7061824B2322D005CEC90 /* CoreSupportUITests.xctest */,
			);
			name = Products;
			sourceTree = "<group>";
		};
		96E705F924B23227005CEC90 /* CoreSupport */ = {
			isa = PBXGroup;
			children = (
				96E7062A24B232EC005CEC90 /* Models */,
				96E7062B24B23300005CEC90 /* Categories */,
				96E7063124B23332005CEC90 /* Classes */,
				96E7063024B2332B005CEC90 /* Views */,
				96E7062F24B23322005CEC90 /* ViewControllers */,
				96E7062E24B2331E005CEC90 /* Network */,
				96E7062D24B23316005CEC90 /* Resources */,
				96E7062C24B2330C005CEC90 /* AppDelegate */,
			);
			path = CoreSupport;
			sourceTree = "<group>";
		};
		96E7061024B2322C005CEC90 /* CoreSupportTests */ = {
			isa = PBXGroup;
			children = (
				96E7061124B2322C005CEC90 /* CoreSupportTests.swift */,
				96E7061324B2322C005CEC90 /* Info.plist */,
			);
			path = CoreSupportTests;
			sourceTree = "<group>";
		};
		96E7061B24B2322D005CEC90 /* CoreSupportUITests */ = {
			isa = PBXGroup;
			children = (
				96E7061C24B2322D005CEC90 /* CoreSupportUITests.swift */,
				96E7061E24B2322D005CEC90 /* Info.plist */,
			);
			path = CoreSupportUITests;
			sourceTree = "<group>";
		};
		96E7062A24B232EC005CEC90 /* Models */ = {
			isa = PBXGroup;
			children = (
			);
			path = Models;
			sourceTree = "<group>";
		};
		96E7062B24B23300005CEC90 /* Categories */ = {
			isa = PBXGroup;
			children = (
			);
			path = Categories;
			sourceTree = "<group>";
		};
		96E7062C24B2330C005CEC90 /* AppDelegate */ = {
			isa = PBXGroup;
			children = (
				96E705FA24B23227005CEC90 /* AppDelegate.swift */,
			);
			path = AppDelegate;
			sourceTree = "<group>";
		};
		96E7062D24B23316005CEC90 /* Resources */ = {
			isa = PBXGroup;
			children = (
				96E7063224B23360005CEC90 /* Storyboard */,
				96E7063524B2337D005CEC90 /* Supporting */,
				96E7063324B2336E005CEC90 /* Assets */,
			);
			path = Resources;
			sourceTree = "<group>";
		};
		96E7062E24B2331E005CEC90 /* Network */ = {
			isa = PBXGroup;
			children = (
			);
			path = Network;
			sourceTree = "<group>";
		};
		96E7062F24B23322005CEC90 /* ViewControllers */ = {
			isa = PBXGroup;
			children = (
				96E7063C24B29EA1005CEC90 /* BaseViewController.swift */,
				96E7063724B2358E005CEC90 /* HomeViewController.swift */,
				96E7063E24B2A3A6005CEC90 /* ServicesOpportunityViewController.swift */,
			);
			path = ViewControllers;
			sourceTree = "<group>";
		};
		96E7063024B2332B005CEC90 /* Views */ = {
			isa = PBXGroup;
			children = (
			);
			path = Views;
			sourceTree = "<group>";
		};
		96E7063124B23332005CEC90 /* Classes */ = {
			isa = PBXGroup;
			children = (
				96E7063924B28AFB005CEC90 /* Extensions */,
			);
			path = Classes;
			sourceTree = "<group>";
		};
		96E7063224B23360005CEC90 /* Storyboard */ = {
			isa = PBXGroup;
			children = (
				96E7060524B2322B005CEC90 /* LaunchScreen.storyboard */,
			);
			path = Storyboard;
			sourceTree = "<group>";
		};
		96E7063324B2336E005CEC90 /* Assets */ = {
			isa = PBXGroup;
			children = (
				96E7060324B2322B005CEC90 /* Assets.xcassets */,
			);
			path = Assets;
			sourceTree = "<group>";
		};
		96E7063524B2337D005CEC90 /* Supporting */ = {
			isa = PBXGroup;
			children = (
				96E7060824B2322B005CEC90 /* Info.plist */,
			);
			path = Supporting;
			sourceTree = "<group>";
		};
		96E7063924B28AFB005CEC90 /* Extensions */ = {
			isa = PBXGroup;
			children = (
				96E7063A24B28B52005CEC90 /* UIColor+Extension.swift */,
			);
			path = Extensions;
			sourceTree = "<group>";
		};
/* End PBXGroup section */

/* Begin PBXNativeTarget section */
		96E705F624B23225005CEC90 /* CoreSupport */ = {
			isa = PBXNativeTarget;
			buildConfigurationList = 96E7062124B2322D005CEC90 /* Build configuration list for PBXNativeTarget "CoreSupport" */;
			buildPhases = (
				F314207C8AF22A8EA87A2BE8 /* [CP] Check Pods Manifest.lock */,
				96E705F324B23225005CEC90 /* Sources */,
				96E705F424B23225005CEC90 /* Frameworks */,
				96E705F524B23225005CEC90 /* Resources */,
				096EDA13E701C85646A91DFD /* [CP] Embed Pods Frameworks */,
			);
			buildRules = (
			);
			dependencies = (
			);
			name = CoreSupport;
			productName = CoreSupport;
			productReference = 96E705F724B23227005CEC90 /* CoreSupport.app */;
			productType = "com.apple.product-type.application";
		};
		96E7060C24B2322C005CEC90 /* CoreSupportTests */ = {
			isa = PBXNativeTarget;
			buildConfigurationList = 96E7062424B2322D005CEC90 /* Build configuration list for PBXNativeTarget "CoreSupportTests" */;
			buildPhases = (
				FD74AF48F5220AC81C34878A /* [CP] Check Pods Manifest.lock */,
				96E7060924B2322C005CEC90 /* Sources */,
				96E7060A24B2322C005CEC90 /* Frameworks */,
				96E7060B24B2322C005CEC90 /* Resources */,
			);
			buildRules = (
			);
			dependencies = (
				96E7060F24B2322C005CEC90 /* PBXTargetDependency */,
			);
			name = CoreSupportTests;
			productName = CoreSupportTests;
			productReference = 96E7060D24B2322C005CEC90 /* CoreSupportTests.xctest */;
			productType = "com.apple.product-type.bundle.unit-test";
		};
		96E7061724B2322D005CEC90 /* CoreSupportUITests */ = {
			isa = PBXNativeTarget;
			buildConfigurationList = 96E7062724B2322D005CEC90 /* Build configuration list for PBXNativeTarget "CoreSupportUITests" */;
			buildPhases = (
				5A9FE6CCCD987320AC851FEF /* [CP] Check Pods Manifest.lock */,
				96E7061424B2322D005CEC90 /* Sources */,
				96E7061524B2322D005CEC90 /* Frameworks */,
				96E7061624B2322D005CEC90 /* Resources */,
				F2D466BBD036D2B023D1CF75 /* [CP] Embed Pods Frameworks */,
			);
			buildRules = (
			);
			dependencies = (
				96E7061A24B2322D005CEC90 /* PBXTargetDependency */,
			);
			name = CoreSupportUITests;
			productName = CoreSupportUITests;
			productReference = 96E7061824B2322D005CEC90 /* CoreSupportUITests.xctest */;
			productType = "com.apple.product-type.bundle.ui-testing";
		};
/* End PBXNativeTarget section */

/* Begin PBXProject section */
		96E705EF24B23225005CEC90 /* Project object */ = {
			isa = PBXProject;
			attributes = {
				LastSwiftUpdateCheck = 1140;
				LastUpgradeCheck = 1140;
				ORGANIZATIONNAME = coresupport;
				TargetAttributes = {
					96E705F624B23225005CEC90 = {
						CreatedOnToolsVersion = 11.4.1;
					};
					96E7060C24B2322C005CEC90 = {
						CreatedOnToolsVersion = 11.4.1;
						TestTargetID = 96E705F624B23225005CEC90;
					};
					96E7061724B2322D005CEC90 = {
						CreatedOnToolsVersion = 11.4.1;
						TestTargetID = 96E705F624B23225005CEC90;
					};
				};
			};
			buildConfigurationList = 96E705F224B23225005CEC90 /* Build configuration list for PBXProject "CoreSupport" */;
			compatibilityVersion = "Xcode 9.3";
			developmentRegion = en;
			hasScannedForEncodings = 0;
			knownRegions = (
				en,
				Base,
			);
			mainGroup = 96E705EE24B23225005CEC90;
			productRefGroup = 96E705F824B23227005CEC90 /* Products */;
			projectDirPath = "";
			projectRoot = "";
			targets = (
				96E705F624B23225005CEC90 /* CoreSupport */,
				96E7060C24B2322C005CEC90 /* CoreSupportTests */,
				96E7061724B2322D005CEC90 /* CoreSupportUITests */,
			);
		};
/* End PBXProject section */

/* Begin PBXResourcesBuildPhase section */
		96E705F524B23225005CEC90 /* Resources */ = {
			isa = PBXResourcesBuildPhase;
			buildActionMask = 2147483647;
			files = (
				96E7060724B2322B005CEC90 /* LaunchScreen.storyboard in Resources */,
				96E7060424B2322B005CEC90 /* Assets.xcassets in Resources */,
			);
			runOnlyForDeploymentPostprocessing = 0;
		};
		96E7060B24B2322C005CEC90 /* Resources */ = {
			isa = PBXResourcesBuildPhase;
			buildActionMask = 2147483647;
			files = (
			);
			runOnlyForDeploymentPostprocessing = 0;
		};
		96E7061624B2322D005CEC90 /* Resources */ = {
			isa = PBXResourcesBuildPhase;
			buildActionMask = 2147483647;
			files = (
			);
			runOnlyForDeploymentPostprocessing = 0;
		};
/* End PBXResourcesBuildPhase section */

/* Begin PBXShellScriptBuildPhase section */
		096EDA13E701C85646A91DFD /* [CP] Embed Pods Frameworks */ = {
			isa = PBXShellScriptBuildPhase;
			buildActionMask = 2147483647;
			files = (
			);
			inputFileListPaths = (
				"${PODS_ROOT}/Target Support Files/Pods-CoreSupport/Pods-CoreSupport-frameworks-${CONFIGURATION}-input-files.xcfilelist",
			);
			name = "[CP] Embed Pods Frameworks";
			outputFileListPaths = (
				"${PODS_ROOT}/Target Support Files/Pods-CoreSupport/Pods-CoreSupport-frameworks-${CONFIGURATION}-output-files.xcfilelist",
			);
			runOnlyForDeploymentPostprocessing = 0;
			shellPath = /bin/sh;
			shellScript = "\"${PODS_ROOT}/Target Support Files/Pods-CoreSupport/Pods-CoreSupport-frameworks.sh\"\n";
			showEnvVarsInLog = 0;
		};
		5A9FE6CCCD987320AC851FEF /* [CP] Check Pods Manifest.lock */ = {
			isa = PBXShellScriptBuildPhase;
			buildActionMask = 2147483647;
			files = (
			);
			inputFileListPaths = (
			);
			inputPaths = (
				"${PODS_PODFILE_DIR_PATH}/Podfile.lock",
				"${PODS_ROOT}/Manifest.lock",
			);
			name = "[CP] Check Pods Manifest.lock";
			outputFileListPaths = (
			);
			outputPaths = (
				"$(DERIVED_FILE_DIR)/Pods-CoreSupport-CoreSupportUITests-checkManifestLockResult.txt",
			);
			runOnlyForDeploymentPostprocessing = 0;
			shellPath = /bin/sh;
			shellScript = "diff \"${PODS_PODFILE_DIR_PATH}/Podfile.lock\" \"${PODS_ROOT}/Manifest.lock\" > /dev/null\nif [ $? != 0 ] ; then\n    # print error to STDERR\n    echo \"error: The sandbox is not in sync with the Podfile.lock. Run 'pod install' or update your CocoaPods installation.\" >&2\n    exit 1\nfi\n# This output is used by Xcode 'outputs' to avoid re-running this script phase.\necho \"SUCCESS\" > \"${SCRIPT_OUTPUT_FILE_0}\"\n";
			showEnvVarsInLog = 0;
		};
		F2D466BBD036D2B023D1CF75 /* [CP] Embed Pods Frameworks */ = {
			isa = PBXShellScriptBuildPhase;
			buildActionMask = 2147483647;
			files = (
			);
			inputFileListPaths = (
				"${PODS_ROOT}/Target Support Files/Pods-CoreSupport-CoreSupportUITests/Pods-CoreSupport-CoreSupportUITests-frameworks-${CONFIGURATION}-input-files.xcfilelist",
			);
			name = "[CP] Embed Pods Frameworks";
			outputFileListPaths = (
				"${PODS_ROOT}/Target Support Files/Pods-CoreSupport-CoreSupportUITests/Pods-CoreSupport-CoreSupportUITests-frameworks-${CONFIGURATION}-output-files.xcfilelist",
			);
			runOnlyForDeploymentPostprocessing = 0;
			shellPath = /bin/sh;
			shellScript = "\"${PODS_ROOT}/Target Support Files/Pods-CoreSupport-CoreSupportUITests/Pods-CoreSupport-CoreSupportUITests-frameworks.sh\"\n";
			showEnvVarsInLog = 0;
		};
		F314207C8AF22A8EA87A2BE8 /* [CP] Check Pods Manifest.lock */ = {
			isa = PBXShellScriptBuildPhase;
			buildActionMask = 2147483647;
			files = (
			);
			inputFileListPaths = (
			);
			inputPaths = (
				"${PODS_PODFILE_DIR_PATH}/Podfile.lock",
				"${PODS_ROOT}/Manifest.lock",
			);
			name = "[CP] Check Pods Manifest.lock";
			outputFileListPaths = (
			);
			outputPaths = (
				"$(DERIVED_FILE_DIR)/Pods-CoreSupport-checkManifestLockResult.txt",
			);
			runOnlyForDeploymentPostprocessing = 0;
			shellPath = /bin/sh;
			shellScript = "diff \"${PODS_PODFILE_DIR_PATH}/Podfile.lock\" \"${PODS_ROOT}/Manifest.lock\" > /dev/null\nif [ $? != 0 ] ; then\n    # print error to STDERR\n    echo \"error: The sandbox is not in sync with the Podfile.lock. Run 'pod install' or update your CocoaPods installation.\" >&2\n    exit 1\nfi\n# This output is used by Xcode 'outputs' to avoid re-running this script phase.\necho \"SUCCESS\" > \"${SCRIPT_OUTPUT_FILE_0}\"\n";
			showEnvVarsInLog = 0;
		};
		FD74AF48F5220AC81C34878A /* [CP] Check Pods Manifest.lock */ = {
			isa = PBXShellScriptBuildPhase;
			buildActionMask = 2147483647;
			files = (
			);
			inputFileListPaths = (
			);
			inputPaths = (
				"${PODS_PODFILE_DIR_PATH}/Podfile.lock",
				"${PODS_ROOT}/Manifest.lock",
			);
			name = "[CP] Check Pods Manifest.lock";
			outputFileListPaths = (
			);
			outputPaths = (
				"$(DERIVED_FILE_DIR)/Pods-CoreSupportTests-checkManifestLockResult.txt",
			);
			runOnlyForDeploymentPostprocessing = 0;
			shellPath = /bin/sh;
			shellScript = "diff \"${PODS_PODFILE_DIR_PATH}/Podfile.lock\" \"${PODS_ROOT}/Manifest.lock\" > /dev/null\nif [ $? != 0 ] ; then\n    # print error to STDERR\n    echo \"error: The sandbox is not in sync with the Podfile.lock. Run 'pod install' or update your CocoaPods installation.\" >&2\n    exit 1\nfi\n# This output is used by Xcode 'outputs' to avoid re-running this script phase.\necho \"SUCCESS\" > \"${SCRIPT_OUTPUT_FILE_0}\"\n";
			showEnvVarsInLog = 0;
		};
/* End PBXShellScriptBuildPhase section */

/* Begin PBXSourcesBuildPhase section */
		96E705F324B23225005CEC90 /* Sources */ = {
			isa = PBXSourcesBuildPhase;
			buildActionMask = 2147483647;
			files = (
				96E7063B24B28B52005CEC90 /* UIColor+Extension.swift in Sources */,
				96E7063D24B29EA1005CEC90 /* BaseViewController.swift in Sources */,
				96E705FB24B23227005CEC90 /* AppDelegate.swift in Sources */,
				96E7063824B2358E005CEC90 /* HomeViewController.swift in Sources */,
				96E7063F24B2A3A6005CEC90 /* ServicesOpportunityViewController.swift in Sources */,
			);
			runOnlyForDeploymentPostprocessing = 0;
		};
		96E7060924B2322C005CEC90 /* Sources */ = {
			isa = PBXSourcesBuildPhase;
			buildActionMask = 2147483647;
			files = (
				96E7061224B2322C005CEC90 /* CoreSupportTests.swift in Sources */,
			);
			runOnlyForDeploymentPostprocessing = 0;
		};
		96E7061424B2322D005CEC90 /* Sources */ = {
			isa = PBXSourcesBuildPhase;
			buildActionMask = 2147483647;
			files = (
				96E7061D24B2322D005CEC90 /* CoreSupportUITests.swift in Sources */,
			);
			runOnlyForDeploymentPostprocessing = 0;
		};
/* End PBXSourcesBuildPhase section */

/* Begin PBXTargetDependency section */
		96E7060F24B2322C005CEC90 /* PBXTargetDependency */ = {
			isa = PBXTargetDependency;
			target = 96E705F624B23225005CEC90 /* CoreSupport */;
			targetProxy = 96E7060E24B2322C005CEC90 /* PBXContainerItemProxy */;
		};
		96E7061A24B2322D005CEC90 /* PBXTargetDependency */ = {
			isa = PBXTargetDependency;
			target = 96E705F624B23225005CEC90 /* CoreSupport */;
			targetProxy = 96E7061924B2322D005CEC90 /* PBXContainerItemProxy */;
		};
/* End PBXTargetDependency section */

/* Begin PBXVariantGroup section */
		96E7060524B2322B005CEC90 /* LaunchScreen.storyboard */ = {
			isa = PBXVariantGroup;
			children = (
				96E7060624B2322B005CEC90 /* Base */,
			);
			name = LaunchScreen.storyboard;
			sourceTree = "<group>";
		};
/* End PBXVariantGroup section */

/* Begin XCBuildConfiguration section */
		96E7061F24B2322D005CEC90 /* Debug */ = {
			isa = XCBuildConfiguration;
			buildSettings = {
				ALWAYS_SEARCH_USER_PATHS = NO;
				CLANG_ANALYZER_NONNULL = YES;
				CLANG_ANALYZER_NUMBER_OBJECT_CONVERSION = YES_AGGRESSIVE;
				CLANG_CXX_LANGUAGE_STANDARD = "gnu++14";
				CLANG_CXX_LIBRARY = "libc++";
				CLANG_ENABLE_MODULES = YES;
				CLANG_ENABLE_OBJC_ARC = YES;
				CLANG_ENABLE_OBJC_WEAK = YES;
				CLANG_WARN_BLOCK_CAPTURE_AUTORELEASING = YES;
				CLANG_WARN_BOOL_CONVERSION = YES;
				CLANG_WARN_COMMA = YES;
				CLANG_WARN_CONSTANT_CONVERSION = YES;
				CLANG_WARN_DEPRECATED_OBJC_IMPLEMENTATIONS = YES;
				CLANG_WARN_DIRECT_OBJC_ISA_USAGE = YES_ERROR;
				CLANG_WARN_DOCUMENTATION_COMMENTS = YES;
				CLANG_WARN_EMPTY_BODY = YES;
				CLANG_WARN_ENUM_CONVERSION = YES;
				CLANG_WARN_INFINITE_RECURSION = YES;
				CLANG_WARN_INT_CONVERSION = YES;
				CLANG_WARN_NON_LITERAL_NULL_CONVERSION = YES;
				CLANG_WARN_OBJC_IMPLICIT_RETAIN_SELF = YES;
				CLANG_WARN_OBJC_LITERAL_CONVERSION = YES;
				CLANG_WARN_OBJC_ROOT_CLASS = YES_ERROR;
				CLANG_WARN_RANGE_LOOP_ANALYSIS = YES;
				CLANG_WARN_STRICT_PROTOTYPES = YES;
				CLANG_WARN_SUSPICIOUS_MOVE = YES;
				CLANG_WARN_UNGUARDED_AVAILABILITY = YES_AGGRESSIVE;
				CLANG_WARN_UNREACHABLE_CODE = YES;
				CLANG_WARN__DUPLICATE_METHOD_MATCH = YES;
				COPY_PHASE_STRIP = NO;
				DEBUG_INFORMATION_FORMAT = dwarf;
				ENABLE_STRICT_OBJC_MSGSEND = YES;
				ENABLE_TESTABILITY = YES;
				GCC_C_LANGUAGE_STANDARD = gnu11;
				GCC_DYNAMIC_NO_PIC = NO;
				GCC_NO_COMMON_BLOCKS = YES;
				GCC_OPTIMIZATION_LEVEL = 0;
				GCC_PREPROCESSOR_DEFINITIONS = (
					"DEBUG=1",
					"$(inherited)",
				);
				GCC_WARN_64_TO_32_BIT_CONVERSION = YES;
				GCC_WARN_ABOUT_RETURN_TYPE = YES_ERROR;
				GCC_WARN_UNDECLARED_SELECTOR = YES;
				GCC_WARN_UNINITIALIZED_AUTOS = YES_AGGRESSIVE;
				GCC_WARN_UNUSED_FUNCTION = YES;
				GCC_WARN_UNUSED_VARIABLE = YES;
				IPHONEOS_DEPLOYMENT_TARGET = 13.4;
				MTL_ENABLE_DEBUG_INFO = INCLUDE_SOURCE;
				MTL_FAST_MATH = YES;
				ONLY_ACTIVE_ARCH = YES;
				SDKROOT = iphoneos;
				SWIFT_ACTIVE_COMPILATION_CONDITIONS = DEBUG;
				SWIFT_OPTIMIZATION_LEVEL = "-Onone";
			};
			name = Debug;
		};
		96E7062024B2322D005CEC90 /* Release */ = {
			isa = XCBuildConfiguration;
			buildSettings = {
				ALWAYS_SEARCH_USER_PATHS = NO;
				CLANG_ANALYZER_NONNULL = YES;
				CLANG_ANALYZER_NUMBER_OBJECT_CONVERSION = YES_AGGRESSIVE;
				CLANG_CXX_LANGUAGE_STANDARD = "gnu++14";
				CLANG_CXX_LIBRARY = "libc++";
				CLANG_ENABLE_MODULES = YES;
				CLANG_ENABLE_OBJC_ARC = YES;
				CLANG_ENABLE_OBJC_WEAK = YES;
				CLANG_WARN_BLOCK_CAPTURE_AUTORELEASING = YES;
				CLANG_WARN_BOOL_CONVERSION = YES;
				CLANG_WARN_COMMA = YES;
				CLANG_WARN_CONSTANT_CONVERSION = YES;
				CLANG_WARN_DEPRECATED_OBJC_IMPLEMENTATIONS = YES;
				CLANG_WARN_DIRECT_OBJC_ISA_USAGE = YES_ERROR;
				CLANG_WARN_DOCUMENTATION_COMMENTS = YES;
				CLANG_WARN_EMPTY_BODY = YES;
				CLANG_WARN_ENUM_CONVERSION = YES;
				CLANG_WARN_INFINITE_RECURSION = YES;
				CLANG_WARN_INT_CONVERSION = YES;
				CLANG_WARN_NON_LITERAL_NULL_CONVERSION = YES;
				CLANG_WARN_OBJC_IMPLICIT_RETAIN_SELF = YES;
				CLANG_WARN_OBJC_LITERAL_CONVERSION = YES;
				CLANG_WARN_OBJC_ROOT_CLASS = YES_ERROR;
				CLANG_WARN_RANGE_LOOP_ANALYSIS = YES;
				CLANG_WARN_STRICT_PROTOTYPES = YES;
				CLANG_WARN_SUSPICIOUS_MOVE = YES;
				CLANG_WARN_UNGUARDED_AVAILABILITY = YES_AGGRESSIVE;
				CLANG_WARN_UNREACHABLE_CODE = YES;
				CLANG_WARN__DUPLICATE_METHOD_MATCH = YES;
				COPY_PHASE_STRIP = NO;
				DEBUG_INFORMATION_FORMAT = "dwarf-with-dsym";
				ENABLE_NS_ASSERTIONS = NO;
				ENABLE_STRICT_OBJC_MSGSEND = YES;
				GCC_C_LANGUAGE_STANDARD = gnu11;
				GCC_NO_COMMON_BLOCKS = YES;
				GCC_WARN_64_TO_32_BIT_CONVERSION = YES;
				GCC_WARN_ABOUT_RETURN_TYPE = YES_ERROR;
				GCC_WARN_UNDECLARED_SELECTOR = YES;
				GCC_WARN_UNINITIALIZED_AUTOS = YES_AGGRESSIVE;
				GCC_WARN_UNUSED_FUNCTION = YES;
				GCC_WARN_UNUSED_VARIABLE = YES;
				IPHONEOS_DEPLOYMENT_TARGET = 13.4;
				MTL_ENABLE_DEBUG_INFO = NO;
				MTL_FAST_MATH = YES;
				SDKROOT = iphoneos;
				SWIFT_COMPILATION_MODE = wholemodule;
				SWIFT_OPTIMIZATION_LEVEL = "-O";
				VALIDATE_PRODUCT = YES;
			};
			name = Release;
		};
		96E7062224B2322D005CEC90 /* Debug */ = {
			isa = XCBuildConfiguration;
			baseConfigurationReference = 8EC94B2291D4431EC9479C53 /* Pods-CoreSupport.debug.xcconfig */;
			buildSettings = {
				ASSETCATALOG_COMPILER_APPICON_NAME = AppIcon;
				CODE_SIGN_STYLE = Automatic;
				DEVELOPMENT_TEAM = V8L63862FY;
				INFOPLIST_FILE = CoreSupport/Info.plist;
				LD_RUNPATH_SEARCH_PATHS = (
					"$(inherited)",
					"@executable_path/Frameworks",
				);
				PRODUCT_BUNDLE_IDENTIFIER = com.jay.rut.CoreSupport;
				PRODUCT_NAME = "$(TARGET_NAME)";
				SWIFT_VERSION = 5.0;
				TARGETED_DEVICE_FAMILY = "1,2";
			};
			name = Debug;
		};
		96E7062324B2322D005CEC90 /* Release */ = {
			isa = XCBuildConfiguration;
			baseConfigurationReference = 4F14E2B00A143CEFB80C059D /* Pods-CoreSupport.release.xcconfig */;
			buildSettings = {
				ASSETCATALOG_COMPILER_APPICON_NAME = AppIcon;
				CODE_SIGN_STYLE = Automatic;
				DEVELOPMENT_TEAM = V8L63862FY;
				INFOPLIST_FILE = CoreSupport/Info.plist;
				LD_RUNPATH_SEARCH_PATHS = (
					"$(inherited)",
					"@executable_path/Frameworks",
				);
				PRODUCT_BUNDLE_IDENTIFIER = com.jay.rut.CoreSupport;
				PRODUCT_NAME = "$(TARGET_NAME)";
				SWIFT_VERSION = 5.0;
				TARGETED_DEVICE_FAMILY = "1,2";
			};
			name = Release;
		};
		96E7062524B2322D005CEC90 /* Debug */ = {
			isa = XCBuildConfiguration;
			baseConfigurationReference = 6DBC72265543416C79CE296B /* Pods-CoreSupportTests.debug.xcconfig */;
			buildSettings = {
				ALWAYS_EMBED_SWIFT_STANDARD_LIBRARIES = YES;
				BUNDLE_LOADER = "$(TEST_HOST)";
				CODE_SIGN_STYLE = Automatic;
				DEVELOPMENT_TEAM = V8L63862FY;
				INFOPLIST_FILE = CoreSupportTests/Info.plist;
				IPHONEOS_DEPLOYMENT_TARGET = 13.4;
				LD_RUNPATH_SEARCH_PATHS = (
					"$(inherited)",
					"@executable_path/Frameworks",
					"@loader_path/Frameworks",
				);
				PRODUCT_BUNDLE_IDENTIFIER = com.jay.rut.CoreSupportTests;
				PRODUCT_NAME = "$(TARGET_NAME)";
				SWIFT_VERSION = 5.0;
				TARGETED_DEVICE_FAMILY = "1,2";
				TEST_HOST = "$(BUILT_PRODUCTS_DIR)/CoreSupport.app/CoreSupport";
			};
			name = Debug;
		};
		96E7062624B2322D005CEC90 /* Release */ = {
			isa = XCBuildConfiguration;
			baseConfigurationReference = C9452BD0E8FE402CBDBEB5C5 /* Pods-CoreSupportTests.release.xcconfig */;
			buildSettings = {
				ALWAYS_EMBED_SWIFT_STANDARD_LIBRARIES = YES;
				BUNDLE_LOADER = "$(TEST_HOST)";
				CODE_SIGN_STYLE = Automatic;
				DEVELOPMENT_TEAM = V8L63862FY;
				INFOPLIST_FILE = CoreSupportTests/Info.plist;
				IPHONEOS_DEPLOYMENT_TARGET = 13.4;
				LD_RUNPATH_SEARCH_PATHS = (
					"$(inherited)",
					"@executable_path/Frameworks",
					"@loader_path/Frameworks",
				);
				PRODUCT_BUNDLE_IDENTIFIER = com.jay.rut.CoreSupportTests;
				PRODUCT_NAME = "$(TARGET_NAME)";
				SWIFT_VERSION = 5.0;
				TARGETED_DEVICE_FAMILY = "1,2";
				TEST_HOST = "$(BUILT_PRODUCTS_DIR)/CoreSupport.app/CoreSupport";
			};
			name = Release;
		};
		96E7062824B2322D005CEC90 /* Debug */ = {
			isa = XCBuildConfiguration;
			baseConfigurationReference = 60F03E5B789E46CB2A8A5F7F /* Pods-CoreSupport-CoreSupportUITests.debug.xcconfig */;
			buildSettings = {
				ALWAYS_EMBED_SWIFT_STANDARD_LIBRARIES = YES;
				CODE_SIGN_STYLE = Automatic;
				DEVELOPMENT_TEAM = V8L63862FY;
				INFOPLIST_FILE = CoreSupportUITests/Info.plist;
				LD_RUNPATH_SEARCH_PATHS = (
					"$(inherited)",
					"@executable_path/Frameworks",
					"@loader_path/Frameworks",
				);
				PRODUCT_BUNDLE_IDENTIFIER = com.jay.rut.CoreSupportUITests;
				PRODUCT_NAME = "$(TARGET_NAME)";
				SWIFT_VERSION = 5.0;
				TARGETED_DEVICE_FAMILY = "1,2";
				TEST_TARGET_NAME = CoreSupport;
			};
			name = Debug;
		};
		96E7062924B2322D005CEC90 /* Release */ = {
			isa = XCBuildConfiguration;
			baseConfigurationReference = 9EBC9C41DFF527B99F0EB5F1 /* Pods-CoreSupport-CoreSupportUITests.release.xcconfig */;
			buildSettings = {
				ALWAYS_EMBED_SWIFT_STANDARD_LIBRARIES = YES;
				CODE_SIGN_STYLE = Automatic;
				DEVELOPMENT_TEAM = V8L63862FY;
				INFOPLIST_FILE = CoreSupportUITests/Info.plist;
				LD_RUNPATH_SEARCH_PATHS = (
					"$(inherited)",
					"@executable_path/Frameworks",
					"@loader_path/Frameworks",
				);
				PRODUCT_BUNDLE_IDENTIFIER = com.jay.rut.CoreSupportUITests;
				PRODUCT_NAME = "$(TARGET_NAME)";
				SWIFT_VERSION = 5.0;
				TARGETED_DEVICE_FAMILY = "1,2";
				TEST_TARGET_NAME = CoreSupport;
			};
			name = Release;
		};
/* End XCBuildConfiguration section */

/* Begin XCConfigurationList section */
		96E705F224B23225005CEC90 /* Build configuration list for PBXProject "CoreSupport" */ = {
			isa = XCConfigurationList;
			buildConfigurations = (
				96E7061F24B2322D005CEC90 /* Debug */,
				96E7062024B2322D005CEC90 /* Release */,
			);
			defaultConfigurationIsVisible = 0;
			defaultConfigurationName = Release;
		};
		96E7062124B2322D005CEC90 /* Build configuration list for PBXNativeTarget "CoreSupport" */ = {
			isa = XCConfigurationList;
			buildConfigurations = (
				96E7062224B2322D005CEC90 /* Debug */,
				96E7062324B2322D005CEC90 /* Release */,
			);
			defaultConfigurationIsVisible = 0;
			defaultConfigurationName = Release;
		};
		96E7062424B2322D005CEC90 /* Build configuration list for PBXNativeTarget "CoreSupportTests" */ = {
			isa = XCConfigurationList;
			buildConfigurations = (
				96E7062524B2322D005CEC90 /* Debug */,
				96E7062624B2322D005CEC90 /* Release */,
			);
			defaultConfigurationIsVisible = 0;
			defaultConfigurationName = Release;
		};
		96E7062724B2322D005CEC90 /* Build configuration list for PBXNativeTarget "CoreSupportUITests" */ = {
			isa = XCConfigurationList;
			buildConfigurations = (
				96E7062824B2322D005CEC90 /* Debug */,
				96E7062924B2322D005CEC90 /* Release */,
			);
			defaultConfigurationIsVisible = 0;
			defaultConfigurationName = Release;
		};
/* End XCConfigurationList section */
	};
	rootObject = 96E705EF24B23225005CEC90 /* Project object */;
}
